<Solution>
  <Folder Name="/src/">
    <Project Path="src/WaaS.Persistence/WaaS.Persistence.csproj" />
  </Folder>
  <Folder Name="/src/Common/">
    <Project Path="src/Common/WaaS.Common.Comparison/WaaS.Common.Comparison.csproj" />
    <Project Path="src/Common/WaaS.Common.DesiredState/WaaS.Common.DesiredState.csproj" />
    <Project Path="src/Common/WaaS.Common.ViewModel/WaaS.Common.ViewModel.csproj" />
    <Project Path="src/Common/WaaS.Common.Workflow/WaaS.Common.Workflow.csproj" />
  </Folder>
  <Folder Name="/src/Systems/" />
  <Folder Name="/src/Systems/Space/">
    <Project Path="src/Systems/Space/WaaS.Space.DesiredState/WaaS.Space.DesiredState.csproj" />
    <Project Path="src/Systems/Space/WaaS.Space.ViewModel/WaaS.Space.ViewModel.csproj" />
    <Project Path="src/Systems/Space/WaaS.Space.Workflow/WaaS.Space.Workflow.csproj" />
  </Folder>
  <Folder Name="/src/Systems/Space/Classic/">
    <Project Path="src/Systems/Space/Classic/WaaS.Space.Classic.DesiredState/WaaS.Space.Classic.DesiredState.csproj" />
    <Project Path="src/Systems/Space/Classic/WaaS.Space.Classic.ViewModel/WaaS.Space.Classic.ViewModel.csproj" />
    <Project Path="src/Systems/Space/Classic/WaaS.Space.Classic.Workflow/WaaS.Space.Classic.Workflow.csproj" />
    <Project Path="src/Systems/Space/Classic/WaaS.Space.Classic.Worker/WaaS.Space.Classic.Worker.csproj" />
  </Folder>
  <Folder Name="/src/Systems/Space/Stretch/">
    <Project Path="src/Systems/Space/Stretch/WaaS.Space.Stretch.DesiredState/WaaS.Space.Stretch.DesiredState.csproj" />
    <Project Path="src/Systems/Space/Stretch/WaaS.Space.Stretch.ViewModel/WaaS.Space.Stretch.ViewModel.csproj" />
  </Folder>
  <Folder Name="/src/Systems/Webshield/">
    <Project Path="src/Systems/Webshield/WaaS.Webshield.DesiredState/WaaS.Webshield.DesiredState.csproj" />
    <Project Path="src/Systems/Webshield/WaaS.Webshield.ProtoBuf/WaaS.Webshield.ProtoBuf.csproj" />
    <Project Path="src/Systems/Webshield/WaaS.Webshield.ViewModel/WaaS.Webshield.ViewModel.csproj" />
    <Project Path="src/Systems/Webshield/WaaS.Webshield.Workflow/WaaS.Webshield.Workflow.csproj" />
    <Project Path="src/Systems/Webshield/WaaS.Webshield.Worker/WaaS.Webshield.Worker.csproj" />
  </Folder>
  <Folder Name="/test/">
    <Project Path="test/WaaS.Common.Comparison.UnitTests/WaaS.Common.Comparison.UnitTests.csproj" />
  </Folder>
  <Project Path="src/WaaS.WebApi/WaaS.WebApi.csproj" />
</Solution>
